{
  "name": "mygraphql",
  "version": "1.0.0",
  "lockfileVersion": 1,
  "requires": true,
  "dependencies": {
    "graphql": {
      "version": "git://github.com/graphql/graphql-js.git#7ba75f4b370182e74a59ce00f95e8775fcd374ff",
      "from": "git://github.com/graphql/graphql-js.git#npm"
    }
  }
}
